
Microsoft Visual Studio Solution File, Format Version 12.00
# Visual Studio Version 16
VisualStudioVersion = 16.0.31829.152
MinimumVisualStudioVersion = 10.0.40219.1
Project("{FAE04EC0-301F-11D3-BF4B-00C04F79EFBC}") = "cut", "cut\cut.csproj", "{41D18478-58F3-41F9-9C1C-AA40F8A87AD2}"
EndProject
Global
	GlobalSection(SolutionConfigurationPlatforms) = preSolution
		Debug|Any CPU = Debug|Any CPU
		Release|Any CPU = Release|Any CPU
	EndGlobalSection
	GlobalSection(ProjectConfigurationPlatforms) = postSolution
		{41D18478-58F3-41F9-9C1C-AA40F8A87AD2}.Debug|Any CPU.ActiveCfg = Debug|Any CPU
		{41D18478-58F3-41F9-9C1C-AA40F8A87AD2}.Debug|Any CPU.Build.0 = Debug|Any CPU
		{41D18478-58F3-41F9-9C1C-AA40F8A87AD2}.Release|Any CPU.ActiveCfg = Release|Any CPU
		{41D18478-58F3-41F9-9C1C-AA40F8A87AD2}.Release|Any CPU.Build.0 = Release|Any CPU
	EndGlobalSection
	GlobalSection(SolutionProperties) = preSolution
		HideSolutionNode = FALSE
	EndGlobalSection
	GlobalSection(ExtensibilityGlobals) = postSolution
		SolutionGuid = {2503D7D8-CB53-449D-AA16-3AD818352FB1}
	EndGlobalSection
EndGlobal
